#MicroXplorer Configuration settings - do not modify
CORTEX_M7.CPU_DCache=Disabled
CORTEX_M7.CPU_ICache=Disabled
CORTEX_M7.IPParameters=CPU_ICache,CPU_DCache
ETH.IPParameters=MediaInterface
ETH.MediaInterface=HAL_ETH_RMII_MODE
FATFS.IPParameters=_USE_LABEL,_USE_LFN,_LFN_UNICODE,_FS_RPATH,_MULTI_PARTITION,_FS_NORTC
FATFS._FS_NORTC=1
FATFS._FS_RPATH=2
FATFS._LFN_UNICODE=1
FATFS._MULTI_PARTITION=0
FATFS._USE_LABEL=0
FATFS._USE_LFN=1
File.Version=6
GPIO.groupedBy=Group By Peripherals
KeepUserPlacement=false
Mcu.Family=STM32H7
Mcu.IP0=CORTEX_M7
Mcu.IP1=DEBUG
Mcu.IP10=SDMMC1
Mcu.IP11=SPI4
Mcu.IP12=SYS
Mcu.IP13=UART4
Mcu.IP14=USB_OTG_HS
Mcu.IP2=ETH
Mcu.IP3=FATFS
Mcu.IP4=FDCAN1
Mcu.IP5=NVIC
Mcu.IP6=OCTOSPI1
Mcu.IP7=OCTOSPI2
Mcu.IP8=RCC
Mcu.IP9=RTC
Mcu.IPNb=15
Mcu.Name=STM32H730ZBTx
Mcu.Package=LQFP144
Mcu.Pin0=PE2
Mcu.Pin1=PE3
Mcu.Pin10=PF4
Mcu.Pin11=PF6
Mcu.Pin12=PF7
Mcu.Pin13=PF8
Mcu.Pin14=PF9
Mcu.Pin15=PH0-OSC_IN
Mcu.Pin16=PH1-OSC_OUT
Mcu.Pin17=PC1
Mcu.Pin18=PA1
Mcu.Pin19=PA2
Mcu.Pin2=PE4
Mcu.Pin20=PA7
Mcu.Pin21=PC4
Mcu.Pin22=PC5
Mcu.Pin23=PB2
Mcu.Pin24=PE7
Mcu.Pin25=PE8
Mcu.Pin26=PE9
Mcu.Pin27=PE10
Mcu.Pin28=PE11
Mcu.Pin29=PC8
Mcu.Pin3=PE5
Mcu.Pin30=PA11
Mcu.Pin31=PA12
Mcu.Pin32=PA13(JTMS/SWDIO)
Mcu.Pin33=PA14(JTCK/SWCLK)
Mcu.Pin34=PC12
Mcu.Pin35=PD0
Mcu.Pin36=PD1
Mcu.Pin37=PD2
Mcu.Pin38=PG10
Mcu.Pin39=PG11
Mcu.Pin4=PE6
Mcu.Pin40=PG12
Mcu.Pin41=PG13
Mcu.Pin42=PG14
Mcu.Pin43=PG15
Mcu.Pin44=PB8
Mcu.Pin45=PB9
Mcu.Pin46=VP_FATFS_VS_SDIO
Mcu.Pin47=VP_OCTOSPI1_VS_hyperbus
Mcu.Pin48=VP_OCTOSPI2_VS_quad
Mcu.Pin49=VP_RCC_USB
Mcu.Pin5=PC13
Mcu.Pin50=VP_RTC_VS_RTC_Activate
Mcu.Pin51=VP_RTC_VS_RTC_Calendar
Mcu.Pin52=VP_SYS_VS_Systick
Mcu.Pin6=PF0
Mcu.Pin7=PF1
Mcu.Pin8=PF2
Mcu.Pin9=PF3
Mcu.PinsNb=53
Mcu.ThirdPartyNb=0
Mcu.UserConstants=
Mcu.UserName=STM32H730ZBTx
MxCube.Version=6.3.0
MxDb.Version=DB.6.0.30
NVIC.BusFault_IRQn=true\:0\:0\:false\:false\:true\:false\:false
NVIC.DebugMonitor_IRQn=true\:0\:0\:false\:false\:true\:false\:false
NVIC.ForceEnableDMAVector=true
NVIC.HardFault_IRQn=true\:0\:0\:false\:false\:true\:false\:false
NVIC.MemoryManagement_IRQn=true\:0\:0\:false\:false\:true\:false\:false
NVIC.NonMaskableInt_IRQn=true\:0\:0\:false\:false\:true\:false\:false
NVIC.PendSV_IRQn=true\:0\:0\:false\:false\:true\:false\:false
NVIC.PriorityGroup=NVIC_PRIORITYGROUP_4
NVIC.SVCall_IRQn=true\:0\:0\:false\:false\:true\:false\:false
NVIC.SysTick_IRQn=true\:15\:0\:false\:false\:true\:false\:true
NVIC.UsageFault_IRQn=true\:0\:0\:false\:false\:true\:false\:false
OCTOSPI2.ClockPrescaler=8
OCTOSPI2.DeviceSize=22
OCTOSPI2.IPParameters=DeviceSize,ClockPrescaler
PA1.GPIOParameters=GPIO_Speed
PA1.GPIO_Speed=GPIO_SPEED_FREQ_VERY_HIGH
PA1.Mode=RMII
PA1.Signal=ETH_REF_CLK
PA11.Mode=Device_Only_FS
PA11.Signal=USB_OTG_HS_DM
PA12.Mode=Device_Only_FS
PA12.Signal=USB_OTG_HS_DP
PA13(JTMS/SWDIO).Mode=Serial_Wire
PA13(JTMS/SWDIO).Signal=DEBUG_JTMS-SWDIO
PA14(JTCK/SWCLK).Mode=Serial_Wire
PA14(JTCK/SWCLK).Signal=DEBUG_JTCK-SWCLK
PA2.GPIOParameters=GPIO_Speed
PA2.GPIO_Speed=GPIO_SPEED_FREQ_VERY_HIGH
PA2.Mode=RMII
PA2.Signal=ETH_MDIO
PA7.GPIOParameters=GPIO_Speed
PA7.GPIO_Speed=GPIO_SPEED_FREQ_VERY_HIGH
PA7.Mode=RMII
PA7.Signal=ETH_CRS_DV
PB2.Locked=true
PB2.Mode=O2_P1_CLK
PB2.Signal=OCTOSPIM_P1_CLK
PB8.Mode=FDCAN_Activate
PB8.Signal=FDCAN1_RX
PB9.Mode=FDCAN_Activate
PB9.Signal=FDCAN1_TX
PC1.GPIOParameters=GPIO_Speed
PC1.GPIO_Speed=GPIO_SPEED_FREQ_VERY_HIGH
PC1.Mode=RMII
PC1.Signal=ETH_MDC
PC12.Mode=SD_1_bit
PC12.Signal=SDMMC1_CK
PC13.GPIOParameters=GPIO_Label
PC13.GPIO_Label=USR_LED
PC13.Locked=true
PC13.Signal=GPIO_Output
PC4.GPIOParameters=GPIO_Speed
PC4.GPIO_Speed=GPIO_SPEED_FREQ_VERY_HIGH
PC4.Mode=RMII
PC4.Signal=ETH_RXD0
PC5.GPIOParameters=GPIO_Speed
PC5.GPIO_Speed=GPIO_SPEED_FREQ_VERY_HIGH
PC5.Mode=RMII
PC5.Signal=ETH_RXD1
PC8.Locked=true
PC8.Mode=SD_1_bit
PC8.Signal=SDMMC1_D0
PD0.Locked=true
PD0.Mode=Asynchronous
PD0.Signal=UART4_RX
PD1.Locked=true
PD1.Mode=Asynchronous
PD1.Signal=UART4_TX
PD2.Mode=SD_1_bit
PD2.Signal=SDMMC1_CMD
PE10.Mode=OCTOSPI2_IOL_Port1H
PE10.Signal=OCTOSPIM_P1_IO7
PE11.Mode=OCTOSPI2_Port1_NCS
PE11.Signal=OCTOSPIM_P1_NCS
PE2.Mode=Full_Duplex_Master
PE2.Signal=SPI4_SCK
PE3.GPIOParameters=PinState,GPIO_Label
PE3.GPIO_Label=USB_ON
PE3.Locked=true
PE3.PinState=GPIO_PIN_SET
PE3.Signal=GPIO_Output
PE4.Mode=NSS_Signal_Hard_Output
PE4.Signal=SPI4_NSS
PE5.Mode=Full_Duplex_Master
PE5.Signal=SPI4_MISO
PE6.Mode=Full_Duplex_Master
PE6.Signal=SPI4_MOSI
PE7.Mode=OCTOSPI2_IOL_Port1H
PE7.Signal=OCTOSPIM_P1_IO4
PE8.Mode=OCTOSPI2_IOL_Port1H
PE8.Signal=OCTOSPIM_P1_IO5
PE9.Mode=OCTOSPI2_IOL_Port1H
PE9.Signal=OCTOSPIM_P1_IO6
PF0.Mode=OCTOSPI1_IOL_Port2L
PF0.Signal=OCTOSPIM_P2_IO0
PF1.Mode=OCTOSPI1_IOL_Port2L
PF1.Signal=OCTOSPIM_P2_IO1
PF2.Mode=OCTOSPI1_IOL_Port2L
PF2.Signal=OCTOSPIM_P2_IO2
PF3.Mode=OCTOSPI1_IOL_Port2L
PF3.Signal=OCTOSPIM_P2_IO3
PF4.Mode=O1_P2_CLK
PF4.Signal=OCTOSPIM_P2_CLK
PF6.Mode=OCTOSPI1_IOH_Port1L
PF6.Signal=OCTOSPIM_P1_IO3
PF7.Mode=OCTOSPI1_IOH_Port1L
PF7.Signal=OCTOSPIM_P1_IO2
PF8.Mode=OCTOSPI1_IOH_Port1L
PF8.Signal=OCTOSPIM_P1_IO0
PF9.Mode=OCTOSPI1_IOH_Port1L
PF9.Signal=OCTOSPIM_P1_IO1
PG10.GPIOParameters=PinState,GPIO_PuPd,GPIO_Label,GPIO_ModeDefaultOutputPP
PG10.GPIO_Label=ETH_RST
PG10.GPIO_ModeDefaultOutputPP=GPIO_MODE_OUTPUT_OD
PG10.GPIO_PuPd=GPIO_PULLUP
PG10.Locked=true
PG10.PinState=GPIO_PIN_RESET
PG10.Signal=GPIO_Output
PG11.GPIOParameters=GPIO_Speed
PG11.GPIO_Speed=GPIO_SPEED_FREQ_VERY_HIGH
PG11.Locked=true
PG11.Mode=RMII
PG11.Signal=ETH_TX_EN
PG12.Mode=OCTOSPI1_Port2_NCS
PG12.Signal=OCTOSPIM_P2_NCS
PG13.GPIOParameters=GPIO_Speed
PG13.GPIO_Speed=GPIO_SPEED_FREQ_VERY_HIGH
PG13.Locked=true
PG13.Mode=RMII
PG13.Signal=ETH_TXD0
PG14.GPIOParameters=GPIO_Speed
PG14.GPIO_Speed=GPIO_SPEED_FREQ_VERY_HIGH
PG14.Locked=true
PG14.Mode=RMII
PG14.Signal=ETH_TXD1
PG15.Locked=true
PG15.Mode=OCTOSPI1_Port2_DQS
PG15.Signal=OCTOSPIM_P2_DQS
PH0-OSC_IN.Mode=HSE-External-Oscillator
PH0-OSC_IN.Signal=RCC_OSC_IN
PH1-OSC_OUT.Mode=HSE-External-Oscillator
PH1-OSC_OUT.Signal=RCC_OSC_OUT
PinOutPanel.RotationAngle=0
ProjectManager.AskForMigrate=true
ProjectManager.BackupPrevious=false
ProjectManager.CompilerOptimize=6
ProjectManager.ComputerToolchain=false
ProjectManager.CoupleFile=false
ProjectManager.CustomerFirmwarePackage=
ProjectManager.DefaultFWLocation=true
ProjectManager.DeletePrevious=true
ProjectManager.DeviceId=STM32H730ZBTx
ProjectManager.FirmwarePackage=STM32Cube FW_H7 V1.9.0
ProjectManager.FreePins=false
ProjectManager.HalAssertFull=false
ProjectManager.HeapSize=0x200
ProjectManager.KeepUserCode=true
ProjectManager.LastFirmware=true
ProjectManager.LibraryCopy=0
ProjectManager.MainLocation=Core/Src
ProjectManager.NoMain=false
ProjectManager.PreviousToolchain=
ProjectManager.ProjectBuild=false
ProjectManager.ProjectFileName=tst-h730.ioc
ProjectManager.ProjectName=tst-h730
ProjectManager.RegisterCallBack=
ProjectManager.StackSize=0x400
ProjectManager.TargetToolchain=Makefile
ProjectManager.ToolChainLocation=
ProjectManager.UnderRoot=false
ProjectManager.functionlistsort=1-MX_GPIO_Init-GPIO-false-HAL-true,2-SystemClock_Config-RCC-false-HAL-false,3-MX_FDCAN1_Init-FDCAN1-false-HAL-true,4-MX_OCTOSPI1_Init-OCTOSPI1-false-HAL-true,5-MX_OCTOSPI2_Init-OCTOSPI2-false-HAL-true,6-MX_RTC_Init-RTC-false-HAL-true,7-MX_SDMMC1_SD_Init-SDMMC1-false-HAL-true,8-MX_SPI4_Init-SPI4-false-HAL-true,9-MX_UART4_Init-UART4-false-HAL-true,10-MX_USB_OTG_HS_PCD_Init-USB_OTG_HS-false-HAL-true,11-MX_ETH_Init-ETH-false-HAL-true,0-MX_CORTEX_M7_Init-CORTEX_M7-false-HAL-true
RCC.ADCFreq_Value=200000000
RCC.AHB12Freq_Value=275000000
RCC.AHB4Freq_Value=275000000
RCC.APB1Freq_Value=137500000
RCC.APB2Freq_Value=137500000
RCC.APB3Freq_Value=137500000
RCC.APB4Freq_Value=137500000
RCC.AXIClockFreq_Value=275000000
RCC.CECFreq_Value=32000
RCC.CKPERFreq_Value=64000000
RCC.CortexFreq_Value=550000000
RCC.CpuClockFreq_Value=550000000
RCC.D1CPREFreq_Value=550000000
RCC.D1PPRE=RCC_APB3_DIV2
RCC.D2PPRE1=RCC_APB1_DIV2
RCC.D2PPRE2=RCC_APB2_DIV2
RCC.D3PPRE=RCC_APB4_DIV2
RCC.DFSDMACLkFreq_Value=110000000
RCC.DFSDMFreq_Value=137500000
RCC.DIVM1=4
RCC.DIVM2=4
RCC.DIVN1=275
RCC.DIVN2=200
RCC.DIVP1=1
RCC.DIVP1Freq_Value=550000000
RCC.DIVP2Freq_Value=200000000
RCC.DIVP3Freq_Value=16125000
RCC.DIVQ1=5
RCC.DIVQ1Freq_Value=110000000
RCC.DIVQ2=4
RCC.DIVQ2Freq_Value=100000000
RCC.DIVQ3Freq_Value=16125000
RCC.DIVR1=10
RCC.DIVR1Freq_Value=55000000
RCC.DIVR2Freq_Value=200000000
RCC.DIVR3Freq_Value=16125000
RCC.FDCANCLockSelection=RCC_FDCANCLKSOURCE_PLL2
RCC.FDCANFreq_Value=100000000
RCC.FMCFreq_Value=275000000
RCC.FamilyName=M
RCC.HCLK3ClockFreq_Value=275000000
RCC.HCLKFreq_Value=275000000
RCC.HPRE=RCC_HCLK_DIV2
RCC.HSE_VALUE=8000000
RCC.I2C123Freq_Value=137500000
RCC.I2C4Freq_Value=137500000
RCC.IPParameters=ADCFreq_Value,AHB12Freq_Value,AHB4Freq_Value,APB1Freq_Value,APB2Freq_Value,APB3Freq_Value,APB4Freq_Value,AXIClockFreq_Value,CECFreq_Value,CKPERFreq_Value,CortexFreq_Value,CpuClockFreq_Value,D1CPREFreq_Value,D1PPRE,D2PPRE1,D2PPRE2,D3PPRE,DFSDMACLkFreq_Value,DFSDMFreq_Value,DIVM1,DIVM2,DIVN1,DIVN2,DIVP1,DIVP1Freq_Value,DIVP2Freq_Value,DIVP3Freq_Value,DIVQ1,DIVQ1Freq_Value,DIVQ2,DIVQ2Freq_Value,DIVQ3Freq_Value,DIVR1,DIVR1Freq_Value,DIVR2Freq_Value,DIVR3Freq_Value,FDCANCLockSelection,FDCANFreq_Value,FMCFreq_Value,FamilyName,HCLK3ClockFreq_Value,HCLKFreq_Value,HPRE,HSE_VALUE,I2C123Freq_Value,I2C4Freq_Value,LPTIM1Freq_Value,LPTIM2Freq_Value,LPTIM345Freq_Value,LPUART1Freq_Value,LSE_Timout,LTDCFreq_Value,MCO1PinFreq_Value,MCO2PinFreq_Value,PLLSourceVirtual,QSPICLockSelection,QSPIFreq_Value,RNGFreq_Value,RTCFreq_Value,SAI1Freq_Value,SAI4AFreq_Value,SAI4BFreq_Value,SDMMC1CLockSelection,SDMMCFreq_Value,SPDIFRXFreq_Value,SPI123Freq_Value,SPI45Freq_Value,SPI6Freq_Value,SWPMI1Freq_Value,SYSCLKFreq_VALUE,SYSCLKSource,Spi45ClockSelection,SupplySource,Tim1OutputFreq_Value,Tim2OutputFreq_Value,TraceFreq_Value,USART16Freq_Value,USART234578CLockSelection,USART234578Freq_Value,USBCLockSelection,USBFreq_Value,VCO1OutputFreq_Value,VCO2OutputFreq_Value,VCO3OutputFreq_Value,VCOInput1Freq_Value,VCOInput2Freq_Value,VCOInput3Freq_Value
RCC.LPTIM1Freq_Value=137500000
RCC.LPTIM2Freq_Value=137500000
RCC.LPTIM345Freq_Value=137500000
RCC.LPUART1Freq_Value=137500000
RCC.LSE_Timout=50000
RCC.LTDCFreq_Value=16125000
RCC.MCO1PinFreq_Value=64000000
RCC.MCO2PinFreq_Value=550000000
RCC.PLLSourceVirtual=RCC_PLLSOURCE_HSE
RCC.QSPICLockSelection=RCC_OSPICLKSOURCE_PLL2
RCC.QSPIFreq_Value=200000000
RCC.RNGFreq_Value=48000000
RCC.RTCFreq_Value=32000
RCC.SAI1Freq_Value=110000000
RCC.SAI4AFreq_Value=110000000
RCC.SAI4BFreq_Value=110000000
RCC.SDMMC1CLockSelection=RCC_SDMMCCLKSOURCE_PLL2
RCC.SDMMCFreq_Value=200000000
RCC.SPDIFRXFreq_Value=110000000
RCC.SPI123Freq_Value=110000000
RCC.SPI45Freq_Value=100000000
RCC.SPI6Freq_Value=137500000
RCC.SWPMI1Freq_Value=137500000
RCC.SYSCLKFreq_VALUE=550000000
RCC.SYSCLKSource=RCC_SYSCLKSOURCE_PLLCLK
RCC.Spi45ClockSelection=RCC_SPI45CLKSOURCE_PLL2
RCC.SupplySource=PWR_LDO_SUPPLY
RCC.Tim1OutputFreq_Value=275000000
RCC.Tim2OutputFreq_Value=275000000
RCC.TraceFreq_Value=55000000
RCC.USART16Freq_Value=137500000
RCC.USART234578CLockSelection=RCC_USART234578CLKSOURCE_PLL2
RCC.USART234578Freq_Value=100000000
RCC.USBCLockSelection=RCC_USBCLKSOURCE_HSI48
RCC.USBFreq_Value=48000000
RCC.VCO1OutputFreq_Value=550000000
RCC.VCO2OutputFreq_Value=400000000
RCC.VCO3OutputFreq_Value=32250000
RCC.VCOInput1Freq_Value=2000000
RCC.VCOInput2Freq_Value=2000000
RCC.VCOInput3Freq_Value=250000
SPI4.CalculateBaudRate=50.0 MBits/s
SPI4.Direction=SPI_DIRECTION_2LINES
SPI4.IPParameters=VirtualType,Mode,Direction,CalculateBaudRate,VirtualNSS
SPI4.Mode=SPI_MODE_MASTER
SPI4.VirtualNSS=VM_NSSHARD
SPI4.VirtualType=VM_MASTER
USB_OTG_HS.IPParameters=VirtualMode
USB_OTG_HS.VirtualMode=Device_Only_FS
VP_FATFS_VS_SDIO.Mode=SDIO
VP_FATFS_VS_SDIO.Signal=FATFS_VS_SDIO
VP_OCTOSPI1_VS_hyperbus.Mode=hyperbus_mode
VP_OCTOSPI1_VS_hyperbus.Signal=OCTOSPI1_VS_hyperbus
VP_OCTOSPI2_VS_quad.Mode=quad_mode
VP_OCTOSPI2_VS_quad.Signal=OCTOSPI2_VS_quad
VP_RCC_USB.Mode=USB_HS
VP_RCC_USB.Signal=RCC_USB
VP_RTC_VS_RTC_Activate.Mode=RTC_Enabled
VP_RTC_VS_RTC_Activate.Signal=RTC_VS_RTC_Activate
VP_RTC_VS_RTC_Calendar.Mode=RTC_Calendar
VP_RTC_VS_RTC_Calendar.Signal=RTC_VS_RTC_Calendar
VP_SYS_VS_Systick.Mode=SysTick
VP_SYS_VS_Systick.Signal=SYS_VS_Systick
board=custom
